// !$*UTF8*$!
{
	archiveVersion = 1;
	classes = {
	};
	objectVersion = 77;
	objects = {

/* Begin PBXBuildFile section */
		D7126E522D6A32E900568AA9 /* FirebaseAnalytics in Frameworks */ = {isa = PBXBuildFile; productRef = D7126E512D6A32E900568AA9 /* FirebaseAnalytics */; };
		D7126E572D6A3AF900568AA9 /* FirebaseAuth in Frameworks */ = {isa = PBXBuildFile; productRef = D7126E562D6A3AF900568AA9 /* FirebaseAuth */; };
		D7126E592D6A3AF900568AA9 /* FirebaseDatabase in Frameworks */ = {isa = PBXBuildFile; productRef = D7126E582D6A3AF900568AA9 /* FirebaseDatabase */; };
		D72DCD722D8E0E3200E82C8D /* GoogleSignIn in Frameworks */ = {isa = PBXBuildFile; productRef = D72DCD712D8E0E3200E82C8D /* GoogleSignIn */; };
		D72DCD742D8E0E3200E82C8D /* GoogleSignInSwift in Frameworks */ = {isa = PBXBuildFile; productRef = D72DCD732D8E0E3200E82C8D /* GoogleSignInSwift */; };
		D79D2F122D6A40FF00E7976D /* FirebaseCore in Frameworks */ = {isa = PBXBuildFile; productRef = D79D2F112D6A40FF00E7976D /* FirebaseCore */; };
		D79D2F152D6A41A800E7976D /* FirebaseFirestore in Frameworks */ = {isa = PBXBuildFile; productRef = D79D2F142D6A41A800E7976D /* FirebaseFirestore */; };
		D7FEB55C2DDE7808004B1681 /* StoreKit.framework in Frameworks */ = {isa = PBXBuildFile; fileRef = D7FEB55B2DDE7808004B1681 /* StoreKit.framework */; };
/* End PBXBuildFile section */

/* Begin PBXFileReference section */
		D7126E272D68144B00568AA9 /* Stat Lab.app */ = {isa = PBXFileReference; explicitFileType = wrapper.application; includeInIndex = 0; path = "Stat Lab.app"; sourceTree = BUILT_PRODUCTS_DIR; };
		D7FEB55B2DDE7808004B1681 /* StoreKit.framework */ = {isa = PBXFileReference; lastKnownFileType = wrapper.framework; name = StoreKit.framework; path = System/Library/Frameworks/StoreKit.framework; sourceTree = SDKROOT; };
/* End PBXFileReference section */

/* Begin PBXFileSystemSynchronizedBuildFileExceptionSet section */
		D72DCD762D8E0E7A00E82C8D /* Exceptions for "lift" folder in "Stat Lab" target */ = {
			isa = PBXFileSystemSynchronizedBuildFileExceptionSet;
			membershipExceptions = (
				Info.plist,
			);
			target = D7126E262D68144B00568AA9 /* Stat Lab */;
		};
/* End PBXFileSystemSynchronizedBuildFileExceptionSet section */

/* Begin PBXFileSystemSynchronizedRootGroup section */
		D7126E292D68144B00568AA9 /* lift */ = {
			isa = PBXFileSystemSynchronizedRootGroup;
			exceptions = (
				D72DCD762D8E0E7A00E82C8D /* Exceptions for "lift" folder in "Stat Lab" target */,
			);
			path = lift;
			sourceTree = "<group>";
		};
/* End PBXFileSystemSynchronizedRootGroup section */

/* Begin PBXFrameworksBuildPhase section */
		D7126E242D68144B00568AA9 /* Frameworks */ = {
			isa = PBXFrameworksBuildPhase;
			buildActionMask = 2147483647;
			files = (
				D7126E592D6A3AF900568AA9 /* FirebaseDatabase in Frameworks */,
				D7126E522D6A32E900568AA9 /* FirebaseAnalytics in Frameworks */,
				D72DCD742D8E0E3200E82C8D /* GoogleSignInSwift in Frameworks */,
				D7FEB55C2DDE7808004B1681 /* StoreKit.framework in Frameworks */,
				D79D2F122D6A40FF00E7976D /* FirebaseCore in Frameworks */,
				D79D2F152D6A41A800E7976D /* FirebaseFirestore in Frameworks */,
				D7126E572D6A3AF900568AA9 /* FirebaseAuth in Frameworks */,
				D72DCD722D8E0E3200E82C8D /* GoogleSignIn in Frameworks */,
			);
			runOnlyForDeploymentPostprocessing = 0;
		};
/* End PBXFrameworksBuildPhase section */

/* Begin PBXGroup section */
		D7126E1E2D68144B00568AA9 = {
			isa = PBXGroup;
			children = (
				D7126E292D68144B00568AA9 /* lift */,
				D79D2F132D6A41A800E7976D /* Frameworks */,
				D7126E282D68144B00568AA9 /* Products */,
			);
			sourceTree = "<group>";
		};
		D7126E282D68144B00568AA9 /* Products */ = {
			isa = PBXGroup;
			children = (
				D7126E272D68144B00568AA9 /* Stat Lab.app */,
			);
			name = Products;
			sourceTree = "<group>";
		};
		D79D2F132D6A41A800E7976D /* Frameworks */ = {
			isa = PBXGroup;
			children = (
				D7FEB55B2DDE7808004B1681 /* StoreKit.framework */,
			);
			name = Frameworks;
			sourceTree = "<group>";
		};
/* End PBXGroup section */

/* Begin PBXNativeTarget section */
		D7126E262D68144B00568AA9 /* Stat Lab */ = {
			isa = PBXNativeTarget;
			buildConfigurationList = D7126E3A2D68144B00568AA9 /* Build configuration list for PBXNativeTarget "Stat Lab" */;
			buildPhases = (
				D7126E232D68144B00568AA9 /* Sources */,
				D7126E242D68144B00568AA9 /* Frameworks */,
				D7126E252D68144B00568AA9 /* Resources */,
			);
			buildRules = (
			);
			dependencies = (
				D75FB4632D9B7EF100CC34EB /* PBXTargetDependency */,
				D75FB4652D9B7EF100CC34EB /* PBXTargetDependency */,
				D75FB4672D9B7EF100CC34EB /* PBXTargetDependency */,
				D75FB4692D9B7EF100CC34EB /* PBXTargetDependency */,
				D75FB46B2D9B7EF100CC34EB /* PBXTargetDependency */,
				D75FB46D2D9B7EF100CC34EB /* PBXTargetDependency */,
				D75FB46F2D9B7EF100CC34EB /* PBXTargetDependency */,
				D75FB4712D9B7EF100CC34EB /* PBXTargetDependency */,
				D75FB4732D9B7EF100CC34EB /* PBXTargetDependency */,
				D75FB4752D9B7EF100CC34EB /* PBXTargetDependency */,
				D75FB4772D9B7EF100CC34EB /* PBXTargetDependency */,
				D75FB4792D9B7EF100CC34EB /* PBXTargetDependency */,
				D75FB47B2D9B7EF100CC34EB /* PBXTargetDependency */,
				D75FB47D2D9B7EF100CC34EB /* PBXTargetDependency */,
				D75FB47F2D9B7EF100CC34EB /* PBXTargetDependency */,
				D75FB4812D9B7EF100CC34EB /* PBXTargetDependency */,
				D75FB4832D9B7EF100CC34EB /* PBXTargetDependency */,
				D75FB4852D9B7EF100CC34EB /* PBXTargetDependency */,
				D75FB4872D9B7EF100CC34EB /* PBXTargetDependency */,
				D75FB4892D9B7EF100CC34EB /* PBXTargetDependency */,
				D75FB48B2D9B7EF100CC34EB /* PBXTargetDependency */,
				D75FB48D2D9B7EF100CC34EB /* PBXTargetDependency */,
				D75FB48F2D9B7EF100CC34EB /* PBXTargetDependency */,
				D75FB4912D9B7EF100CC34EB /* PBXTargetDependency */,
				D75FB4932D9B7EF100CC34EB /* PBXTargetDependency */,
				D75FB4952D9B7EF100CC34EB /* PBXTargetDependency */,
			);
			fileSystemSynchronizedGroups = (
				D7126E292D68144B00568AA9 /* lift */,
			);
			name = "Stat Lab";
			packageProductDependencies = (
				D7126E512D6A32E900568AA9 /* FirebaseAnalytics */,
				D7126E562D6A3AF900568AA9 /* FirebaseAuth */,
				D7126E582D6A3AF900568AA9 /* FirebaseDatabase */,
				D79D2F112D6A40FF00E7976D /* FirebaseCore */,
				D79D2F142D6A41A800E7976D /* FirebaseFirestore */,
				D72DCD712D8E0E3200E82C8D /* GoogleSignIn */,
				D72DCD732D8E0E3200E82C8D /* GoogleSignInSwift */,
			);
			productName = lift;
			productReference = D7126E272D68144B00568AA9 /* Stat Lab.app */;
			productType = "com.apple.product-type.application";
		};
/* End PBXNativeTarget section */

/* Begin PBXProject section */
		D7126E1F2D68144B00568AA9 /* Project object */ = {
			isa = PBXProject;
			attributes = {
				BuildIndependentTargetsInParallel = 1;
				LastSwiftUpdateCheck = 1600;
				LastUpgradeCheck = 1600;
				TargetAttributes = {
					D7126E262D68144B00568AA9 = {
						CreatedOnToolsVersion = 16.0;
					};
				};
			};
			buildConfigurationList = D7126E222D68144B00568AA9 /* Build configuration list for PBXProject "Stat Lab" */;
			developmentRegion = en;
			hasScannedForEncodings = 0;
			knownRegions = (
				en,
				Base,
			);
			mainGroup = D7126E1E2D68144B00568AA9;
			minimizedProjectReferenceProxies = 1;
			packageReferences = (
				D7126E502D6A32E900568AA9 /* XCRemoteSwiftPackageReference "firebase-ios-sdk" */,
				D72DCD702D8E0E3200E82C8D /* XCRemoteSwiftPackageReference "GoogleSignIn-iOS" */,
			);
			preferredProjectObjectVersion = 77;
			productRefGroup = D7126E282D68144B00568AA9 /* Products */;
			projectDirPath = "";
			projectRoot = "";
			targets = (
				D7126E262D68144B00568AA9 /* Stat Lab */,
			);
		};
/* End PBXProject section */

/* Begin PBXResourcesBuildPhase section */
		D7126E252D68144B00568AA9 /* Resources */ = {
			isa = PBXResourcesBuildPhase;
			buildActionMask = 2147483647;
			files = (
			);
			runOnlyForDeploymentPostprocessing = 0;
		};
/* End PBXResourcesBuildPhase section */

/* Begin PBXSourcesBuildPhase section */
		D7126E232D68144B00568AA9 /* Sources */ = {
			isa = PBXSourcesBuildPhase;
			buildActionMask = 2147483647;
			files = (
			);
			runOnlyForDeploymentPostprocessing = 0;
		};
/* End PBXSourcesBuildPhase section */

/* Begin PBXTargetDependency section */
		D75FB4632D9B7EF100CC34EB /* PBXTargetDependency */ = {
			isa = PBXTargetDependency;
			productRef = D75FB4622D9B7EF100CC34EB /* FirebaseAnalytics */;
		};
		D75FB4652D9B7EF100CC34EB /* PBXTargetDependency */ = {
			isa = PBXTargetDependency;
			productRef = D75FB4642D9B7EF100CC34EB /* FirebaseAnalyticsOnDeviceConversion */;
		};
		D75FB4672D9B7EF100CC34EB /* PBXTargetDependency */ = {
			isa = PBXTargetDependency;
			productRef = D75FB4662D9B7EF100CC34EB /* FirebaseAnalyticsWithoutAdIdSupport */;
		};
		D75FB4692D9B7EF100CC34EB /* PBXTargetDependency */ = {
			isa = PBXTargetDependency;
			productRef = D75FB4682D9B7EF100CC34EB /* FirebaseAppCheck */;
		};
		D75FB46B2D9B7EF100CC34EB /* PBXTargetDependency */ = {
			isa = PBXTargetDependency;
			productRef = D75FB46A2D9B7EF100CC34EB /* FirebaseAppDistribution-Beta */;
		};
		D75FB46D2D9B7EF100CC34EB /* PBXTargetDependency */ = {
			isa = PBXTargetDependency;
			productRef = D75FB46C2D9B7EF100CC34EB /* FirebaseAuth */;
		};
		D75FB46F2D9B7EF100CC34EB /* PBXTargetDependency */ = {
			isa = PBXTargetDependency;
			productRef = D75FB46E2D9B7EF100CC34EB /* FirebaseAuthCombine-Community */;
		};
		D75FB4712D9B7EF100CC34EB /* PBXTargetDependency */ = {
			isa = PBXTargetDependency;
			productRef = D75FB4702D9B7EF100CC34EB /* FirebaseCore */;
		};
		D75FB4732D9B7EF100CC34EB /* PBXTargetDependency */ = {
			isa = PBXTargetDependency;
			productRef = D75FB4722D9B7EF100CC34EB /* FirebaseCrashlytics */;
		};
		D75FB4752D9B7EF100CC34EB /* PBXTargetDependency */ = {
			isa = PBXTargetDependency;
			productRef = D75FB4742D9B7EF100CC34EB /* FirebaseDatabase */;
		};
		D75FB4772D9B7EF100CC34EB /* PBXTargetDependency */ = {
			isa = PBXTargetDependency;
			productRef = D75FB4762D9B7EF100CC34EB /* FirebaseDynamicLinks */;
		};
		D75FB4792D9B7EF100CC34EB /* PBXTargetDependency */ = {
			isa = PBXTargetDependency;
			productRef = D75FB4782D9B7EF100CC34EB /* FirebaseFirestore */;
		};
		D75FB47B2D9B7EF100CC34EB /* PBXTargetDependency */ = {
			isa = PBXTargetDependency;
			productRef = D75FB47A2D9B7EF100CC34EB /* FirebaseFirestoreCombine-Community */;
		};
		D75FB47D2D9B7EF100CC34EB /* PBXTargetDependency */ = {
			isa = PBXTargetDependency;
			productRef = D75FB47C2D9B7EF100CC34EB /* FirebaseFunctions */;
		};
		D75FB47F2D9B7EF100CC34EB /* PBXTargetDependency */ = {
			isa = PBXTargetDependency;
			productRef = D75FB47E2D9B7EF100CC34EB /* FirebaseFunctionsCombine-Community */;
		};
		D75FB4812D9B7EF100CC34EB /* PBXTargetDependency */ = {
			isa = PBXTargetDependency;
			productRef = D75FB4802D9B7EF100CC34EB /* FirebaseInAppMessaging-Beta */;
		};
		D75FB4832D9B7EF100CC34EB /* PBXTargetDependency */ = {
			isa = PBXTargetDependency;
			productRef = D75FB4822D9B7EF100CC34EB /* FirebaseInstallations */;
		};
		D75FB4852D9B7EF100CC34EB /* PBXTargetDependency */ = {
			isa = PBXTargetDependency;
			productRef = D75FB4842D9B7EF100CC34EB /* FirebaseMLModelDownloader */;
		};
		D75FB4872D9B7EF100CC34EB /* PBXTargetDependency */ = {
			isa = PBXTargetDependency;
			productRef = D75FB4862D9B7EF100CC34EB /* FirebaseMessaging */;
		};
		D75FB4892D9B7EF100CC34EB /* PBXTargetDependency */ = {
			isa = PBXTargetDependency;
			productRef = D75FB4882D9B7EF100CC34EB /* FirebasePerformance */;
		};
		D75FB48B2D9B7EF100CC34EB /* PBXTargetDependency */ = {
			isa = PBXTargetDependency;
			productRef = D75FB48A2D9B7EF100CC34EB /* FirebaseRemoteConfig */;
		};
		D75FB48D2D9B7EF100CC34EB /* PBXTargetDependency */ = {
			isa = PBXTargetDependency;
			productRef = D75FB48C2D9B7EF100CC34EB /* FirebaseStorage */;
		};
		D75FB48F2D9B7EF100CC34EB /* PBXTargetDependency */ = {
			isa = PBXTargetDependency;
			productRef = D75FB48E2D9B7EF100CC34EB /* FirebaseStorageCombine-Community */;
		};
		D75FB4912D9B7EF100CC34EB /* PBXTargetDependency */ = {
			isa = PBXTargetDependency;
			productRef = D75FB4902D9B7EF100CC34EB /* FirebaseVertexAI */;
		};
		D75FB4932D9B7EF100CC34EB /* PBXTargetDependency */ = {
			isa = PBXTargetDependency;
			productRef = D75FB4922D9B7EF100CC34EB /* GoogleSignIn */;
		};
		D75FB4952D9B7EF100CC34EB /* PBXTargetDependency */ = {
			isa = PBXTargetDependency;
			productRef = D75FB4942D9B7EF100CC34EB /* GoogleSignInSwift */;
		};
/* End PBXTargetDependency section */

/* Begin XCBuildConfiguration section */
		D7126E382D68144B00568AA9 /* Debug */ = {
			isa = XCBuildConfiguration;
			buildSettings = {
				ALWAYS_SEARCH_USER_PATHS = NO;
				ASSETCATALOG_COMPILER_GENERATE_SWIFT_ASSET_SYMBOL_EXTENSIONS = YES;
				CLANG_ANALYZER_NONNULL = YES;
				CLANG_ANALYZER_NUMBER_OBJECT_CONVERSION = YES_AGGRESSIVE;
				CLANG_CXX_LANGUAGE_STANDARD = "gnu++20";
				CLANG_ENABLE_MODULES = YES;
				CLANG_ENABLE_OBJC_ARC = YES;
				CLANG_ENABLE_OBJC_WEAK = YES;
				CLANG_WARN_BLOCK_CAPTURE_AUTORELEASING = YES;
				CLANG_WARN_BOOL_CONVERSION = YES;
				CLANG_WARN_COMMA = YES;
				CLANG_WARN_CONSTANT_CONVERSION = YES;
				CLANG_WARN_DEPRECATED_OBJC_IMPLEMENTATIONS = YES;
				CLANG_WARN_DIRECT_OBJC_ISA_USAGE = YES_ERROR;
				CLANG_WARN_DOCUMENTATION_COMMENTS = YES;
				CLANG_WARN_EMPTY_BODY = YES;
				CLANG_WARN_ENUM_CONVERSION = YES;
				CLANG_WARN_INFINITE_RECURSION = YES;
				CLANG_WARN_INT_CONVERSION = YES;
				CLANG_WARN_NON_LITERAL_NULL_CONVERSION = YES;
				CLANG_WARN_OBJC_IMPLICIT_RETAIN_SELF = YES;
				CLANG_WARN_OBJC_LITERAL_CONVERSION = YES;
				CLANG_WARN_OBJC_ROOT_CLASS = YES_ERROR;
				CLANG_WARN_QUOTED_INCLUDE_IN_FRAMEWORK_HEADER = YES;
				CLANG_WARN_RANGE_LOOP_ANALYSIS = YES;
				CLANG_WARN_STRICT_PROTOTYPES = YES;
				CLANG_WARN_SUSPICIOUS_MOVE = YES;
				CLANG_WARN_UNGUARDED_AVAILABILITY = YES_AGGRESSIVE;
				CLANG_WARN_UNREACHABLE_CODE = YES;
				CLANG_WARN__DUPLICATE_METHOD_MATCH = YES;
				COPY_PHASE_STRIP = NO;
				DEBUG_INFORMATION_FORMAT = dwarf;
				ENABLE_STRICT_OBJC_MSGSEND = YES;
				ENABLE_TESTABILITY = YES;
				ENABLE_USER_SCRIPT_SANDBOXING = YES;
				GCC_C_LANGUAGE_STANDARD = gnu17;
				GCC_DYNAMIC_NO_PIC = NO;
				GCC_NO_COMMON_BLOCKS = YES;
				GCC_OPTIMIZATION_LEVEL = 0;
				GCC_PREPROCESSOR_DEFINITIONS = (
					"DEBUG=1",
					"$(inherited)",
				);
				GCC_WARN_64_TO_32_BIT_CONVERSION = YES;
				GCC_WARN_ABOUT_RETURN_TYPE = YES_ERROR;
				GCC_WARN_UNDECLARED_SELECTOR = YES;
				GCC_WARN_UNINITIALIZED_AUTOS = YES_AGGRESSIVE;
				GCC_WARN_UNUSED_FUNCTION = YES;
				GCC_WARN_UNUSED_VARIABLE = YES;
				IPHONEOS_DEPLOYMENT_TARGET = 18.0;
				LOCALIZATION_PREFERS_STRING_CATALOGS = YES;
				MTL_ENABLE_DEBUG_INFO = INCLUDE_SOURCE;
				MTL_FAST_MATH = YES;
				ONLY_ACTIVE_ARCH = YES;
				SDKROOT = iphoneos;
				SWIFT_ACTIVE_COMPILATION_CONDITIONS = "DEBUG $(inherited)";
				SWIFT_OPTIMIZATION_LEVEL = "-Onone";
			};
			name = Debug;
		};
		D7126E392D68144B00568AA9 /* Release */ = {
			isa = XCBuildConfiguration;
			buildSettings = {
				ALWAYS_SEARCH_USER_PATHS = NO;
				ASSETCATALOG_COMPILER_GENERATE_SWIFT_ASSET_SYMBOL_EXTENSIONS = YES;
				CLANG_ANALYZER_NONNULL = YES;
				CLANG_ANALYZER_NUMBER_OBJECT_CONVERSION = YES_AGGRESSIVE;
				CLANG_CXX_LANGUAGE_STANDARD = "gnu++20";
				CLANG_ENABLE_MODULES = YES;
				CLANG_ENABLE_OBJC_ARC = YES;
				CLANG_ENABLE_OBJC_WEAK = YES;
				CLANG_WARN_BLOCK_CAPTURE_AUTORELEASING = YES;
				CLANG_WARN_BOOL_CONVERSION = YES;
				CLANG_WARN_COMMA = YES;
				CLANG_WARN_CONSTANT_CONVERSION = YES;
				CLANG_WARN_DEPRECATED_OBJC_IMPLEMENTATIONS = YES;
				CLANG_WARN_DIRECT_OBJC_ISA_USAGE = YES_ERROR;
				CLANG_WARN_DOCUMENTATION_COMMENTS = YES;
				CLANG_WARN_EMPTY_BODY = YES;
				CLANG_WARN_ENUM_CONVERSION = YES;
				CLANG_WARN_INFINITE_RECURSION = YES;
				CLANG_WARN_INT_CONVERSION = YES;
				CLANG_WARN_NON_LITERAL_NULL_CONVERSION = YES;
				CLANG_WARN_OBJC_IMPLICIT_RETAIN_SELF = YES;
				CLANG_WARN_OBJC_LITERAL_CONVERSION = YES;
				CLANG_WARN_OBJC_ROOT_CLASS = YES_ERROR;
				CLANG_WARN_QUOTED_INCLUDE_IN_FRAMEWORK_HEADER = YES;
				CLANG_WARN_RANGE_LOOP_ANALYSIS = YES;
				CLANG_WARN_STRICT_PROTOTYPES = YES;
				CLANG_WARN_SUSPICIOUS_MOVE = YES;
				CLANG_WARN_UNGUARDED_AVAILABILITY = YES_AGGRESSIVE;
				CLANG_WARN_UNREACHABLE_CODE = YES;
				CLANG_WARN__DUPLICATE_METHOD_MATCH = YES;
				COPY_PHASE_STRIP = NO;
				DEBUG_INFORMATION_FORMAT = "dwarf-with-dsym";
				ENABLE_NS_ASSERTIONS = NO;
				ENABLE_STRICT_OBJC_MSGSEND = YES;
				ENABLE_USER_SCRIPT_SANDBOXING = YES;
				GCC_C_LANGUAGE_STANDARD = gnu17;
				GCC_NO_COMMON_BLOCKS = YES;
				GCC_WARN_64_TO_32_BIT_CONVERSION = YES;
				GCC_WARN_ABOUT_RETURN_TYPE = YES_ERROR;
				GCC_WARN_UNDECLARED_SELECTOR = YES;
				GCC_WARN_UNINITIALIZED_AUTOS = YES_AGGRESSIVE;
				GCC_WARN_UNUSED_FUNCTION = YES;
				GCC_WARN_UNUSED_VARIABLE = YES;
				IPHONEOS_DEPLOYMENT_TARGET = 18.0;
				LOCALIZATION_PREFERS_STRING_CATALOGS = YES;
				MTL_ENABLE_DEBUG_INFO = NO;
				MTL_FAST_MATH = YES;
				SDKROOT = iphoneos;
				SWIFT_COMPILATION_MODE = wholemodule;
				VALIDATE_PRODUCT = YES;
			};
			name = Release;
		};
		D7126E3B2D68144B00568AA9 /* Debug */ = {
			isa = XCBuildConfiguration;
			buildSettings = {
				ASSETCATALOG_COMPILER_APPICON_NAME = AppIcon;
				ASSETCATALOG_COMPILER_GLOBAL_ACCENT_COLOR_NAME = AccentColor;
				ASSETCATALOG_COMPILER_INCLUDE_ALL_APPICON_ASSETS = NO;
				CODE_SIGN_ENTITLEMENTS = lift/lift.entitlements;
				CODE_SIGN_STYLE = Automatic;
				CURRENT_PROJECT_VERSION = 1;
				DEVELOPMENT_ASSET_PATHS = "\"lift/Preview Content\"";
				DEVELOPMENT_TEAM = U4HZ6FUXW3;
				ENABLE_PREVIEWS = YES;
				GENERATE_INFOPLIST_FILE = YES;
				INFOPLIST_FILE = lift/Info.plist;
				INFOPLIST_KEY_NSCameraUsageDescription = "This app uses the camera to identify food items";
				INFOPLIST_KEY_NSPhotoLibraryAddUsageDescription = "This app requires access to the photo library to upload your profile photo";
				INFOPLIST_KEY_NSPhotoLibraryUsageDescription = "This app requires access to the photo library to upload your profile photo";
				INFOPLIST_KEY_UIApplicationSceneManifest_Generation = YES;
				INFOPLIST_KEY_UIApplicationSupportsIndirectInputEvents = YES;
				INFOPLIST_KEY_UILaunchScreen_Generation = YES;
				INFOPLIST_KEY_UISupportedInterfaceOrientations = UIInterfaceOrientationPortrait;
				INFOPLIST_KEY_UISupportedInterfaceOrientations_iPad = "UIInterfaceOrientationLandscapeLeft UIInterfaceOrientationLandscapeRight UIInterfaceOrientationPortrait UIInterfaceOrientationPortraitUpsideDown";
				LD_RUNPATH_SEARCH_PATHS = (
					"$(inherited)",
					"@executable_path/Frameworks",
				);
				MARKETING_VERSION = 1.4;
				PRODUCT_BUNDLE_IDENTIFIER = jpelz21.lift;
				PRODUCT_NAME = "$(TARGET_NAME)";
				SUPPORTED_PLATFORMS = "iphoneos iphonesimulator";
				SUPPORTS_MACCATALYST = NO;
				SUPPORTS_MAC_DESIGNED_FOR_IPHONE_IPAD = NO;
				SUPPORTS_XR_DESIGNED_FOR_IPHONE_IPAD = NO;
				SWIFT_COMPILATION_MODE = wholemodule;
				SWIFT_EMIT_LOC_STRINGS = YES;
				SWIFT_VERSION = 5.0;
				TARGETED_DEVICE_FAMILY = 1;
			};
			name = Debug;
		};
		D7126E3C2D68144B00568AA9 /* Release */ = {
			isa = XCBuildConfiguration;
			buildSettings = {
				ASSETCATALOG_COMPILER_APPICON_NAME = AppIcon;
				ASSETCATALOG_COMPILER_GLOBAL_ACCENT_COLOR_NAME = AccentColor;
				ASSETCATALOG_COMPILER_INCLUDE_ALL_APPICON_ASSETS = NO;
				CODE_SIGN_ENTITLEMENTS = lift/lift.entitlements;
				CODE_SIGN_STYLE = Automatic;
				CURRENT_PROJECT_VERSION = 1;
				DEVELOPMENT_ASSET_PATHS = "\"lift/Preview Content\"";
				DEVELOPMENT_TEAM = U4HZ6FUXW3;
				ENABLE_PREVIEWS = YES;
				GENERATE_INFOPLIST_FILE = YES;
				INFOPLIST_FILE = lift/Info.plist;
				INFOPLIST_KEY_NSCameraUsageDescription = "This app uses the camera to identify food items";
				INFOPLIST_KEY_NSPhotoLibraryAddUsageDescription = "This app requires access to the photo library to upload your profile photo";
				INFOPLIST_KEY_NSPhotoLibraryUsageDescription = "This app requires access to the photo library to upload your profile photo";
				INFOPLIST_KEY_UIApplicationSceneManifest_Generation = YES;
				INFOPLIST_KEY_UIApplicationSupportsIndirectInputEvents = YES;
				INFOPLIST_KEY_UILaunchScreen_Generation = YES;
				INFOPLIST_KEY_UISupportedInterfaceOrientations = UIInterfaceOrientationPortrait;
				INFOPLIST_KEY_UISupportedInterfaceOrientations_iPad = "UIInterfaceOrientationLandscapeLeft UIInterfaceOrientationLandscapeRight UIInterfaceOrientationPortrait UIInterfaceOrientationPortraitUpsideDown";
				LD_RUNPATH_SEARCH_PATHS = (
					"$(inherited)",
					"@executable_path/Frameworks",
				);
				MARKETING_VERSION = 1.4;
				PRODUCT_BUNDLE_IDENTIFIER = jpelz21.lift;
				PRODUCT_NAME = "$(TARGET_NAME)";
				SUPPORTED_PLATFORMS = "iphoneos iphonesimulator";
				SUPPORTS_MACCATALYST = NO;
				SUPPORTS_MAC_DESIGNED_FOR_IPHONE_IPAD = NO;
				SUPPORTS_XR_DESIGNED_FOR_IPHONE_IPAD = NO;
				SWIFT_EMIT_LOC_STRINGS = YES;
				SWIFT_VERSION = 5.0;
				TARGETED_DEVICE_FAMILY = 1;
			};
			name = Release;
		};
/* End XCBuildConfiguration section */

/* Begin XCConfigurationList section */
		D7126E222D68144B00568AA9 /* Build configuration list for PBXProject "Stat Lab" */ = {
			isa = XCConfigurationList;
			buildConfigurations = (
				D7126E382D68144B00568AA9 /* Debug */,
				D7126E392D68144B00568AA9 /* Release */,
			);
			defaultConfigurationIsVisible = 0;
			defaultConfigurationName = Release;
		};
		D7126E3A2D68144B00568AA9 /* Build configuration list for PBXNativeTarget "Stat Lab" */ = {
			isa = XCConfigurationList;
			buildConfigurations = (
				D7126E3B2D68144B00568AA9 /* Debug */,
				D7126E3C2D68144B00568AA9 /* Release */,
			);
			defaultConfigurationIsVisible = 0;
			defaultConfigurationName = Release;
		};
/* End XCConfigurationList section */

/* Begin XCRemoteSwiftPackageReference section */
		D7126E502D6A32E900568AA9 /* XCRemoteSwiftPackageReference "firebase-ios-sdk" */ = {
			isa = XCRemoteSwiftPackageReference;
			repositoryURL = "https://github.com/firebase/firebase-ios-sdk";
			requirement = {
				kind = upToNextMajorVersion;
				minimumVersion = 11.8.1;
			};
		};
		D72DCD702D8E0E3200E82C8D /* XCRemoteSwiftPackageReference "GoogleSignIn-iOS" */ = {
			isa = XCRemoteSwiftPackageReference;
			repositoryURL = "https://github.com/google/GoogleSignIn-iOS";
			requirement = {
				kind = upToNextMajorVersion;
				minimumVersion = 8.0.0;
			};
		};
/* End XCRemoteSwiftPackageReference section */

/* Begin XCSwiftPackageProductDependency section */
		D7126E512D6A32E900568AA9 /* FirebaseAnalytics */ = {
			isa = XCSwiftPackageProductDependency;
			package = D7126E502D6A32E900568AA9 /* XCRemoteSwiftPackageReference "firebase-ios-sdk" */;
			productName = FirebaseAnalytics;
		};
		D7126E562D6A3AF900568AA9 /* FirebaseAuth */ = {
			isa = XCSwiftPackageProductDependency;
			package = D7126E502D6A32E900568AA9 /* XCRemoteSwiftPackageReference "firebase-ios-sdk" */;
			productName = FirebaseAuth;
		};
		D7126E582D6A3AF900568AA9 /* FirebaseDatabase */ = {
			isa = XCSwiftPackageProductDependency;
			package = D7126E502D6A32E900568AA9 /* XCRemoteSwiftPackageReference "firebase-ios-sdk" */;
			productName = FirebaseDatabase;
		};
		D72DCD712D8E0E3200E82C8D /* GoogleSignIn */ = {
			isa = XCSwiftPackageProductDependency;
			package = D72DCD702D8E0E3200E82C8D /* XCRemoteSwiftPackageReference "GoogleSignIn-iOS" */;
			productName = GoogleSignIn;
		};
		D72DCD732D8E0E3200E82C8D /* GoogleSignInSwift */ = {
			isa = XCSwiftPackageProductDependency;
			package = D72DCD702D8E0E3200E82C8D /* XCRemoteSwiftPackageReference "GoogleSignIn-iOS" */;
			productName = GoogleSignInSwift;
		};
		D75FB4622D9B7EF100CC34EB /* FirebaseAnalytics */ = {
			isa = XCSwiftPackageProductDependency;
			package = D7126E502D6A32E900568AA9 /* XCRemoteSwiftPackageReference "firebase-ios-sdk" */;
			productName = FirebaseAnalytics;
		};
		D75FB4642D9B7EF100CC34EB /* FirebaseAnalyticsOnDeviceConversion */ = {
			isa = XCSwiftPackageProductDependency;
			package = D7126E502D6A32E900568AA9 /* XCRemoteSwiftPackageReference "firebase-ios-sdk" */;
			productName = FirebaseAnalyticsOnDeviceConversion;
		};
		D75FB4662D9B7EF100CC34EB /* FirebaseAnalyticsWithoutAdIdSupport */ = {
			isa = XCSwiftPackageProductDependency;
			package = D7126E502D6A32E900568AA9 /* XCRemoteSwiftPackageReference "firebase-ios-sdk" */;
			productName = FirebaseAnalyticsWithoutAdIdSupport;
		};
		D75FB4682D9B7EF100CC34EB /* FirebaseAppCheck */ = {
			isa = XCSwiftPackageProductDependency;
			package = D7126E502D6A32E900568AA9 /* XCRemoteSwiftPackageReference "firebase-ios-sdk" */;
			productName = FirebaseAppCheck;
		};
		D75FB46A2D9B7EF100CC34EB /* FirebaseAppDistribution-Beta */ = {
			isa = XCSwiftPackageProductDependency;
			package = D7126E502D6A32E900568AA9 /* XCRemoteSwiftPackageReference "firebase-ios-sdk" */;
			productName = "FirebaseAppDistribution-Beta";
		};
		D75FB46C2D9B7EF100CC34EB /* FirebaseAuth */ = {
			isa = XCSwiftPackageProductDependency;
			package = D7126E502D6A32E900568AA9 /* XCRemoteSwiftPackageReference "firebase-ios-sdk" */;
			productName = FirebaseAuth;
		};
		D75FB46E2D9B7EF100CC34EB /* FirebaseAuthCombine-Community */ = {
			isa = XCSwiftPackageProductDependency;
			package = D7126E502D6A32E900568AA9 /* XCRemoteSwiftPackageReference "firebase-ios-sdk" */;
			productName = "FirebaseAuthCombine-Community";
		};
		D75FB4702D9B7EF100CC34EB /* FirebaseCore */ = {
			isa = XCSwiftPackageProductDependency;
			package = D7126E502D6A32E900568AA9 /* XCRemoteSwiftPackageReference "firebase-ios-sdk" */;
			productName = FirebaseCore;
		};
		D75FB4722D9B7EF100CC34EB /* FirebaseCrashlytics */ = {
			isa = XCSwiftPackageProductDependency;
			package = D7126E502D6A32E900568AA9 /* XCRemoteSwiftPackageReference "firebase-ios-sdk" */;
			productName = FirebaseCrashlytics;
		};
		D75FB4742D9B7EF100CC34EB /* FirebaseDatabase */ = {
			isa = XCSwiftPackageProductDependency;
			package = D7126E502D6A32E900568AA9 /* XCRemoteSwiftPackageReference "firebase-ios-sdk" */;
			productName = FirebaseDatabase;
		};
		D75FB4762D9B7EF100CC34EB /* FirebaseDynamicLinks */ = {
			isa = XCSwiftPackageProductDependency;
			package = D7126E502D6A32E900568AA9 /* XCRemoteSwiftPackageReference "firebase-ios-sdk" */;
			productName = FirebaseDynamicLinks;
		};
		D75FB4782D9B7EF100CC34EB /* FirebaseFirestore */ = {
			isa = XCSwiftPackageProductDependency;
			package = D7126E502D6A32E900568AA9 /* XCRemoteSwiftPackageReference "firebase-ios-sdk" */;
			productName = FirebaseFirestore;
		};
		D75FB47A2D9B7EF100CC34EB /* FirebaseFirestoreCombine-Community */ = {
			isa = XCSwiftPackageProductDependency;
			package = D7126E502D6A32E900568AA9 /* XCRemoteSwiftPackageReference "firebase-ios-sdk" */;
			productName = "FirebaseFirestoreCombine-Community";
		};
		D75FB47C2D9B7EF100CC34EB /* FirebaseFunctions */ = {
			isa = XCSwiftPackageProductDependency;
			package = D7126E502D6A32E900568AA9 /* XCRemoteSwiftPackageReference "firebase-ios-sdk" */;
			productName = FirebaseFunctions;
		};
		D75FB47E2D9B7EF100CC34EB /* FirebaseFunctionsCombine-Community */ = {
			isa = XCSwiftPackageProductDependency;
			package = D7126E502D6A32E900568AA9 /* XCRemoteSwiftPackageReference "firebase-ios-sdk" */;
			productName = "FirebaseFunctionsCombine-Community";
		};
		D75FB4802D9B7EF100CC34EB /* FirebaseInAppMessaging-Beta */ = {
			isa = XCSwiftPackageProductDependency;
			package = D7126E502D6A32E900568AA9 /* XCRemoteSwiftPackageReference "firebase-ios-sdk" */;
			productName = "FirebaseInAppMessaging-Beta";
		};
		D75FB4822D9B7EF100CC34EB /* FirebaseInstallations */ = {
			isa = XCSwiftPackageProductDependency;
			package = D7126E502D6A32E900568AA9 /* XCRemoteSwiftPackageReference "firebase-ios-sdk" */;
			productName = FirebaseInstallations;
		};
		D75FB4842D9B7EF100CC34EB /* FirebaseMLModelDownloader */ = {
			isa = XCSwiftPackageProductDependency;
			package = D7126E502D6A32E900568AA9 /* XCRemoteSwiftPackageReference "firebase-ios-sdk" */;
			productName = FirebaseMLModelDownloader;
		};
		D75FB4862D9B7EF100CC34EB /* FirebaseMessaging */ = {
			isa = XCSwiftPackageProductDependency;
			package = D7126E502D6A32E900568AA9 /* XCRemoteSwiftPackageReference "firebase-ios-sdk" */;
			productName = FirebaseMessaging;
		};
		D75FB4882D9B7EF100CC34EB /* FirebasePerformance */ = {
			isa = XCSwiftPackageProductDependency;
			package = D7126E502D6A32E900568AA9 /* XCRemoteSwiftPackageReference "firebase-ios-sdk" */;
			productName = FirebasePerformance;
		};
		D75FB48A2D9B7EF100CC34EB /* FirebaseRemoteConfig */ = {
			isa = XCSwiftPackageProductDependency;
			package = D7126E502D6A32E900568AA9 /* XCRemoteSwiftPackageReference "firebase-ios-sdk" */;
			productName = FirebaseRemoteConfig;
		};
		D75FB48C2D9B7EF100CC34EB /* FirebaseStorage */ = {
			isa = XCSwiftPackageProductDependency;
			package = D7126E502D6A32E900568AA9 /* XCRemoteSwiftPackageReference "firebase-ios-sdk" */;
			productName = FirebaseStorage;
		};
		D75FB48E2D9B7EF100CC34EB /* FirebaseStorageCombine-Community */ = {
			isa = XCSwiftPackageProductDependency;
			package = D7126E502D6A32E900568AA9 /* XCRemoteSwiftPackageReference "firebase-ios-sdk" */;
			productName = "FirebaseStorageCombine-Community";
		};
		D75FB4902D9B7EF100CC34EB /* FirebaseVertexAI */ = {
			isa = XCSwiftPackageProductDependency;
			package = D7126E502D6A32E900568AA9 /* XCRemoteSwiftPackageReference "firebase-ios-sdk" */;
			productName = FirebaseVertexAI;
		};
		D75FB4922D9B7EF100CC34EB /* GoogleSignIn */ = {
			isa = XCSwiftPackageProductDependency;
			package = D72DCD702D8E0E3200E82C8D /* XCRemoteSwiftPackageReference "GoogleSignIn-iOS" */;
			productName = GoogleSignIn;
		};
		D75FB4942D9B7EF100CC34EB /* GoogleSignInSwift */ = {
			isa = XCSwiftPackageProductDependency;
			package = D72DCD702D8E0E3200E82C8D /* XCRemoteSwiftPackageReference "GoogleSignIn-iOS" */;
			productName = GoogleSignInSwift;
		};
		D79D2F112D6A40FF00E7976D /* FirebaseCore */ = {
			isa = XCSwiftPackageProductDependency;
			package = D7126E502D6A32E900568AA9 /* XCRemoteSwiftPackageReference "firebase-ios-sdk" */;
			productName = FirebaseCore;
		};
		D79D2F142D6A41A800E7976D /* FirebaseFirestore */ = {
			isa = XCSwiftPackageProductDependency;
			package = D7126E502D6A32E900568AA9 /* XCRemoteSwiftPackageReference "firebase-ios-sdk" */;
			productName = FirebaseFirestore;
		};
/* End XCSwiftPackageProductDependency section */
	};
	rootObject = D7126E1F2D68144B00568AA9 /* Project object */;
}
